
Microsoft Visual Studio Solution File, Format Version 12.00
# Visual Studio Version 17
VisualStudioVersion = 17.10.35122.118
MinimumVisualStudioVersion = 10.0.40219.1
Project("{8BC9CEB8-8B4A-11D0-8D11-00A0C91BC942}") = "1", "prac4\prac4.vcxproj", "{F236F308-6178-44F5-B3C1-A124E0EF69F4}"
EndProject
Project("{8BC9CEB8-8B4A-11D0-8D11-00A0C91BC942}") = "2", "2\2.vcxproj", "{04B33318-3588-4CCD-A150-CCF869B9923D}"
EndProject
Project("{8BC9CEB8-8B4A-11D0-8D11-00A0C91BC942}") = "3", "3\3.vcxproj", "{EB7749F6-19BC-4D84-8079-2ADDB3F8283E}"
EndProject
Project("{8BC9CEB8-8B4A-11D0-8D11-00A0C91BC942}") = "4", "4\4.vcxproj", "{B0449F01-0581-436C-968F-40C66C3A8D2D}"
EndProject
Project("{8BC9CEB8-8B4A-11D0-8D11-00A0C91BC942}") = "5", "5\5.vcxproj", "{203820C6-D9FC-45EA-8087-8698DE8577A0}"
EndProject
Project("{8BC9CEB8-8B4A-11D0-8D11-00A0C91BC942}") = "6", "6\6.vcxproj", "{675FC4A1-5B28-4A2D-8953-E5676BDE3BDB}"
EndProject
Project("{8BC9CEB8-8B4A-11D0-8D11-00A0C91BC942}") = "7", "7\7.vcxproj", "{EC22F489-C01A-4C31-B857-16ACFA05E63E}"
EndProject
Project("{8BC9CEB8-8B4A-11D0-8D11-00A0C91BC942}") = "8", "8\8.vcxproj", "{B5136DE8-A9E4-473E-AE8D-2C84B0D6F261}"
EndProject
Project("{8BC9CEB8-8B4A-11D0-8D11-00A0C91BC942}") = "9", "9\9.vcxproj", "{6E93455A-8952-4C4E-882A-7C4DAF9AC88F}"
EndProject
Project("{8BC9CEB8-8B4A-11D0-8D11-00A0C91BC942}") = "10", "10\10.vcxproj", "{F8EF6939-B3E8-4AB6-B829-C6C0B1BE821B}"
EndProject
Project("{8BC9CEB8-8B4A-11D0-8D11-00A0C91BC942}") = "11", "11\11.vcxproj", "{712AC25C-BA96-485E-AD6B-A3DB4460CB15}"
EndProject
Project("{8BC9CEB8-8B4A-11D0-8D11-00A0C91BC942}") = "12", "12\12.vcxproj", "{F9B05559-7B79-4EBA-9B18-72CD1FDF737B}"
EndProject
Project("{8BC9CEB8-8B4A-11D0-8D11-00A0C91BC942}") = "13", "13\13.vcxproj", "{2A86D7B8-FBDF-4B46-A254-E09D80E824B0}"
EndProject
Global
	GlobalSection(SolutionConfigurationPlatforms) = preSolution
		Debug|x64 = Debug|x64
		Debug|x86 = Debug|x86
		Release|x64 = Release|x64
		Release|x86 = Release|x86
	EndGlobalSection
	GlobalSection(ProjectConfigurationPlatforms) = postSolution
		{F236F308-6178-44F5-B3C1-A124E0EF69F4}.Debug|x64.ActiveCfg = Debug|x64
		{F236F308-6178-44F5-B3C1-A124E0EF69F4}.Debug|x64.Build.0 = Debug|x64
		{F236F308-6178-44F5-B3C1-A124E0EF69F4}.Debug|x86.ActiveCfg = Debug|Win32
		{F236F308-6178-44F5-B3C1-A124E0EF69F4}.Debug|x86.Build.0 = Debug|Win32
		{F236F308-6178-44F5-B3C1-A124E0EF69F4}.Release|x64.ActiveCfg = Release|x64
		{F236F308-6178-44F5-B3C1-A124E0EF69F4}.Release|x64.Build.0 = Release|x64
		{F236F308-6178-44F5-B3C1-A124E0EF69F4}.Release|x86.ActiveCfg = Release|Win32
		{F236F308-6178-44F5-B3C1-A124E0EF69F4}.Release|x86.Build.0 = Release|Win32
		{04B33318-3588-4CCD-A150-CCF869B9923D}.Debug|x64.ActiveCfg = Debug|x64
		{04B33318-3588-4CCD-A150-CCF869B9923D}.Debug|x64.Build.0 = Debug|x64
		{04B33318-3588-4CCD-A150-CCF869B9923D}.Debug|x86.ActiveCfg = Debug|Win32
		{04B33318-3588-4CCD-A150-CCF869B9923D}.Debug|x86.Build.0 = Debug|Win32
		{04B33318-3588-4CCD-A150-CCF869B9923D}.Release|x64.ActiveCfg = Release|x64
		{04B33318-3588-4CCD-A150-CCF869B9923D}.Release|x64.Build.0 = Release|x64
		{04B33318-3588-4CCD-A150-CCF869B9923D}.Release|x86.ActiveCfg = Release|Win32
		{04B33318-3588-4CCD-A150-CCF869B9923D}.Release|x86.Build.0 = Release|Win32
		{EB7749F6-19BC-4D84-8079-2ADDB3F8283E}.Debug|x64.ActiveCfg = Debug|x64
		{EB7749F6-19BC-4D84-8079-2ADDB3F8283E}.Debug|x64.Build.0 = Debug|x64
		{EB7749F6-19BC-4D84-8079-2ADDB3F8283E}.Debug|x86.ActiveCfg = Debug|Win32
		{EB7749F6-19BC-4D84-8079-2ADDB3F8283E}.Debug|x86.Build.0 = Debug|Win32
		{EB7749F6-19BC-4D84-8079-2ADDB3F8283E}.Release|x64.ActiveCfg = Release|x64
		{EB7749F6-19BC-4D84-8079-2ADDB3F8283E}.Release|x64.Build.0 = Release|x64
		{EB7749F6-19BC-4D84-8079-2ADDB3F8283E}.Release|x86.ActiveCfg = Release|Win32
		{EB7749F6-19BC-4D84-8079-2ADDB3F8283E}.Release|x86.Build.0 = Release|Win32
		{B0449F01-0581-436C-968F-40C66C3A8D2D}.Debug|x64.ActiveCfg = Debug|x64
		{B0449F01-0581-436C-968F-40C66C3A8D2D}.Debug|x64.Build.0 = Debug|x64
		{B0449F01-0581-436C-968F-40C66C3A8D2D}.Debug|x86.ActiveCfg = Debug|Win32
		{B0449F01-0581-436C-968F-40C66C3A8D2D}.Debug|x86.Build.0 = Debug|Win32
		{B0449F01-0581-436C-968F-40C66C3A8D2D}.Release|x64.ActiveCfg = Release|x64
		{B0449F01-0581-436C-968F-40C66C3A8D2D}.Release|x64.Build.0 = Release|x64
		{B0449F01-0581-436C-968F-40C66C3A8D2D}.Release|x86.ActiveCfg = Release|Win32
		{B0449F01-0581-436C-968F-40C66C3A8D2D}.Release|x86.Build.0 = Release|Win32
		{203820C6-D9FC-45EA-8087-8698DE8577A0}.Debug|x64.ActiveCfg = Debug|x64
		{203820C6-D9FC-45EA-8087-8698DE8577A0}.Debug|x64.Build.0 = Debug|x64
		{203820C6-D9FC-45EA-8087-8698DE8577A0}.Debug|x86.ActiveCfg = Debug|Win32
		{203820C6-D9FC-45EA-8087-8698DE8577A0}.Debug|x86.Build.0 = Debug|Win32
		{203820C6-D9FC-45EA-8087-8698DE8577A0}.Release|x64.ActiveCfg = Release|x64
		{203820C6-D9FC-45EA-8087-8698DE8577A0}.Release|x64.Build.0 = Release|x64
		{203820C6-D9FC-45EA-8087-8698DE8577A0}.Release|x86.ActiveCfg = Release|Win32
		{203820C6-D9FC-45EA-8087-8698DE8577A0}.Release|x86.Build.0 = Release|Win32
		{675FC4A1-5B28-4A2D-8953-E5676BDE3BDB}.Debug|x64.ActiveCfg = Debug|x64
		{675FC4A1-5B28-4A2D-8953-E5676BDE3BDB}.Debug|x64.Build.0 = Debug|x64
		{675FC4A1-5B28-4A2D-8953-E5676BDE3BDB}.Debug|x86.ActiveCfg = Debug|Win32
		{675FC4A1-5B28-4A2D-8953-E5676BDE3BDB}.Debug|x86.Build.0 = Debug|Win32
		{675FC4A1-5B28-4A2D-8953-E5676BDE3BDB}.Release|x64.ActiveCfg = Release|x64
		{675FC4A1-5B28-4A2D-8953-E5676BDE3BDB}.Release|x64.Build.0 = Release|x64
		{675FC4A1-5B28-4A2D-8953-E5676BDE3BDB}.Release|x86.ActiveCfg = Release|Win32
		{675FC4A1-5B28-4A2D-8953-E5676BDE3BDB}.Release|x86.Build.0 = Release|Win32
		{EC22F489-C01A-4C31-B857-16ACFA05E63E}.Debug|x64.ActiveCfg = Debug|x64
		{EC22F489-C01A-4C31-B857-16ACFA05E63E}.Debug|x64.Build.0 = Debug|x64
		{EC22F489-C01A-4C31-B857-16ACFA05E63E}.Debug|x86.ActiveCfg = Debug|Win32
		{EC22F489-C01A-4C31-B857-16ACFA05E63E}.Debug|x86.Build.0 = Debug|Win32
		{EC22F489-C01A-4C31-B857-16ACFA05E63E}.Release|x64.ActiveCfg = Release|x64
		{EC22F489-C01A-4C31-B857-16ACFA05E63E}.Release|x64.Build.0 = Release|x64
		{EC22F489-C01A-4C31-B857-16ACFA05E63E}.Release|x86.ActiveCfg = Release|Win32
		{EC22F489-C01A-4C31-B857-16ACFA05E63E}.Release|x86.Build.0 = Release|Win32
		{B5136DE8-A9E4-473E-AE8D-2C84B0D6F261}.Debug|x64.ActiveCfg = Debug|x64
		{B5136DE8-A9E4-473E-AE8D-2C84B0D6F261}.Debug|x64.Build.0 = Debug|x64
		{B5136DE8-A9E4-473E-AE8D-2C84B0D6F261}.Debug|x86.ActiveCfg = Debug|Win32
		{B5136DE8-A9E4-473E-AE8D-2C84B0D6F261}.Debug|x86.Build.0 = Debug|Win32
		{B5136DE8-A9E4-473E-AE8D-2C84B0D6F261}.Release|x64.ActiveCfg = Release|x64
		{B5136DE8-A9E4-473E-AE8D-2C84B0D6F261}.Release|x64.Build.0 = Release|x64
		{B5136DE8-A9E4-473E-AE8D-2C84B0D6F261}.Release|x86.ActiveCfg = Release|Win32
		{B5136DE8-A9E4-473E-AE8D-2C84B0D6F261}.Release|x86.Build.0 = Release|Win32
		{6E93455A-8952-4C4E-882A-7C4DAF9AC88F}.Debug|x64.ActiveCfg = Debug|x64
		{6E93455A-8952-4C4E-882A-7C4DAF9AC88F}.Debug|x64.Build.0 = Debug|x64
		{6E93455A-8952-4C4E-882A-7C4DAF9AC88F}.Debug|x86.ActiveCfg = Debug|Win32
		{6E93455A-8952-4C4E-882A-7C4DAF9AC88F}.Debug|x86.Build.0 = Debug|Win32
		{6E93455A-8952-4C4E-882A-7C4DAF9AC88F}.Release|x64.ActiveCfg = Release|x64
		{6E93455A-8952-4C4E-882A-7C4DAF9AC88F}.Release|x64.Build.0 = Release|x64
		{6E93455A-8952-4C4E-882A-7C4DAF9AC88F}.Release|x86.ActiveCfg = Release|Win32
		{6E93455A-8952-4C4E-882A-7C4DAF9AC88F}.Release|x86.Build.0 = Release|Win32
		{F8EF6939-B3E8-4AB6-B829-C6C0B1BE821B}.Debug|x64.ActiveCfg = Debug|x64
		{F8EF6939-B3E8-4AB6-B829-C6C0B1BE821B}.Debug|x64.Build.0 = Debug|x64
		{F8EF6939-B3E8-4AB6-B829-C6C0B1BE821B}.Debug|x86.ActiveCfg = Debug|Win32
		{F8EF6939-B3E8-4AB6-B829-C6C0B1BE821B}.Debug|x86.Build.0 = Debug|Win32
		{F8EF6939-B3E8-4AB6-B829-C6C0B1BE821B}.Release|x64.ActiveCfg = Release|x64
		{F8EF6939-B3E8-4AB6-B829-C6C0B1BE821B}.Release|x64.Build.0 = Release|x64
		{F8EF6939-B3E8-4AB6-B829-C6C0B1BE821B}.Release|x86.ActiveCfg = Release|Win32
		{F8EF6939-B3E8-4AB6-B829-C6C0B1BE821B}.Release|x86.Build.0 = Release|Win32
		{712AC25C-BA96-485E-AD6B-A3DB4460CB15}.Debug|x64.ActiveCfg = Debug|x64
		{712AC25C-BA96-485E-AD6B-A3DB4460CB15}.Debug|x64.Build.0 = Debug|x64
		{712AC25C-BA96-485E-AD6B-A3DB4460CB15}.Debug|x86.ActiveCfg = Debug|Win32
		{712AC25C-BA96-485E-AD6B-A3DB4460CB15}.Debug|x86.Build.0 = Debug|Win32
		{712AC25C-BA96-485E-AD6B-A3DB4460CB15}.Release|x64.ActiveCfg = Release|x64
		{712AC25C-BA96-485E-AD6B-A3DB4460CB15}.Release|x64.Build.0 = Release|x64
		{712AC25C-BA96-485E-AD6B-A3DB4460CB15}.Release|x86.ActiveCfg = Release|Win32
		{712AC25C-BA96-485E-AD6B-A3DB4460CB15}.Release|x86.Build.0 = Release|Win32
		{F9B05559-7B79-4EBA-9B18-72CD1FDF737B}.Debug|x64.ActiveCfg = Debug|x64
		{F9B05559-7B79-4EBA-9B18-72CD1FDF737B}.Debug|x64.Build.0 = Debug|x64
		{F9B05559-7B79-4EBA-9B18-72CD1FDF737B}.Debug|x86.ActiveCfg = Debug|Win32
		{F9B05559-7B79-4EBA-9B18-72CD1FDF737B}.Debug|x86.Build.0 = Debug|Win32
		{F9B05559-7B79-4EBA-9B18-72CD1FDF737B}.Release|x64.ActiveCfg = Release|x64
		{F9B05559-7B79-4EBA-9B18-72CD1FDF737B}.Release|x64.Build.0 = Release|x64
		{F9B05559-7B79-4EBA-9B18-72CD1FDF737B}.Release|x86.ActiveCfg = Release|Win32
		{F9B05559-7B79-4EBA-9B18-72CD1FDF737B}.Release|x86.Build.0 = Release|Win32
		{2A86D7B8-FBDF-4B46-A254-E09D80E824B0}.Debug|x64.ActiveCfg = Debug|x64
		{2A86D7B8-FBDF-4B46-A254-E09D80E824B0}.Debug|x64.Build.0 = Debug|x64
		{2A86D7B8-FBDF-4B46-A254-E09D80E824B0}.Debug|x86.ActiveCfg = Debug|Win32
		{2A86D7B8-FBDF-4B46-A254-E09D80E824B0}.Debug|x86.Build.0 = Debug|Win32
		{2A86D7B8-FBDF-4B46-A254-E09D80E824B0}.Release|x64.ActiveCfg = Release|x64
		{2A86D7B8-FBDF-4B46-A254-E09D80E824B0}.Release|x64.Build.0 = Release|x64
		{2A86D7B8-FBDF-4B46-A254-E09D80E824B0}.Release|x86.ActiveCfg = Release|Win32
		{2A86D7B8-FBDF-4B46-A254-E09D80E824B0}.Release|x86.Build.0 = Release|Win32
	EndGlobalSection
	GlobalSection(SolutionProperties) = preSolution
		HideSolutionNode = FALSE
	EndGlobalSection
	GlobalSection(ExtensibilityGlobals) = postSolution
		SolutionGuid = {187F59A9-D608-4D6A-A5CE-6ABB50B1D72D}
	EndGlobalSection
EndGlobal
