
Microsoft Visual Studio Solution File, Format Version 12.00
# Visual Studio Version 17
VisualStudioVersion = 17.10.35122.118
MinimumVisualStudioVersion = 10.0.40219.1
Project("{8BC9CEB8-8B4A-11D0-8D11-00A0C91BC942}") = "prac7", "prac7\prac7.vcxproj", "{DA32B99E-F2FE-4B18-B7AD-F291E63186C6}"
EndProject
Project("{8BC9CEB8-8B4A-11D0-8D11-00A0C91BC942}") = "1", "1\1.vcxproj", "{9A960E4B-6C17-4345-B3F2-491C7FB3D8DD}"
EndProject
Project("{8BC9CEB8-8B4A-11D0-8D11-00A0C91BC942}") = "2", "2\2.vcxproj", "{258A9B44-6F65-40CF-97AF-61AE6A5D1F9D}"
EndProject
Project("{8BC9CEB8-8B4A-11D0-8D11-00A0C91BC942}") = "3", "3\3.vcxproj", "{56A68E3A-C781-4D80-86E4-5D4DF89E35C1}"
EndProject
Project("{8BC9CEB8-8B4A-11D0-8D11-00A0C91BC942}") = "4", "4\4.vcxproj", "{E756EDC8-B8D2-4D4D-90AE-6A8E607F6EEF}"
EndProject
Project("{8BC9CEB8-8B4A-11D0-8D11-00A0C91BC942}") = "5", "5\5.vcxproj", "{41F1FBB2-E185-49C3-B3E3-CCE5BDE7AF59}"
EndProject
Project("{8BC9CEB8-8B4A-11D0-8D11-00A0C91BC942}") = "6", "6\6.vcxproj", "{AE71BF88-682B-40D8-88F0-39950E96E434}"
EndProject
Global
	GlobalSection(SolutionConfigurationPlatforms) = preSolution
		Debug|x64 = Debug|x64
		Debug|x86 = Debug|x86
		Release|x64 = Release|x64
		Release|x86 = Release|x86
	EndGlobalSection
	GlobalSection(ProjectConfigurationPlatforms) = postSolution
		{DA32B99E-F2FE-4B18-B7AD-F291E63186C6}.Debug|x64.ActiveCfg = Debug|x64
		{DA32B99E-F2FE-4B18-B7AD-F291E63186C6}.Debug|x64.Build.0 = Debug|x64
		{DA32B99E-F2FE-4B18-B7AD-F291E63186C6}.Debug|x86.ActiveCfg = Debug|Win32
		{DA32B99E-F2FE-4B18-B7AD-F291E63186C6}.Debug|x86.Build.0 = Debug|Win32
		{DA32B99E-F2FE-4B18-B7AD-F291E63186C6}.Release|x64.ActiveCfg = Release|x64
		{DA32B99E-F2FE-4B18-B7AD-F291E63186C6}.Release|x64.Build.0 = Release|x64
		{DA32B99E-F2FE-4B18-B7AD-F291E63186C6}.Release|x86.ActiveCfg = Release|Win32
		{DA32B99E-F2FE-4B18-B7AD-F291E63186C6}.Release|x86.Build.0 = Release|Win32
		{9A960E4B-6C17-4345-B3F2-491C7FB3D8DD}.Debug|x64.ActiveCfg = Debug|x64
		{9A960E4B-6C17-4345-B3F2-491C7FB3D8DD}.Debug|x64.Build.0 = Debug|x64
		{9A960E4B-6C17-4345-B3F2-491C7FB3D8DD}.Debug|x86.ActiveCfg = Debug|Win32
		{9A960E4B-6C17-4345-B3F2-491C7FB3D8DD}.Debug|x86.Build.0 = Debug|Win32
		{9A960E4B-6C17-4345-B3F2-491C7FB3D8DD}.Release|x64.ActiveCfg = Release|x64
		{9A960E4B-6C17-4345-B3F2-491C7FB3D8DD}.Release|x64.Build.0 = Release|x64
		{9A960E4B-6C17-4345-B3F2-491C7FB3D8DD}.Release|x86.ActiveCfg = Release|Win32
		{9A960E4B-6C17-4345-B3F2-491C7FB3D8DD}.Release|x86.Build.0 = Release|Win32
		{258A9B44-6F65-40CF-97AF-61AE6A5D1F9D}.Debug|x64.ActiveCfg = Debug|x64
		{258A9B44-6F65-40CF-97AF-61AE6A5D1F9D}.Debug|x64.Build.0 = Debug|x64
		{258A9B44-6F65-40CF-97AF-61AE6A5D1F9D}.Debug|x86.ActiveCfg = Debug|Win32
		{258A9B44-6F65-40CF-97AF-61AE6A5D1F9D}.Debug|x86.Build.0 = Debug|Win32
		{258A9B44-6F65-40CF-97AF-61AE6A5D1F9D}.Release|x64.ActiveCfg = Release|x64
		{258A9B44-6F65-40CF-97AF-61AE6A5D1F9D}.Release|x64.Build.0 = Release|x64
		{258A9B44-6F65-40CF-97AF-61AE6A5D1F9D}.Release|x86.ActiveCfg = Release|Win32
		{258A9B44-6F65-40CF-97AF-61AE6A5D1F9D}.Release|x86.Build.0 = Release|Win32
		{56A68E3A-C781-4D80-86E4-5D4DF89E35C1}.Debug|x64.ActiveCfg = Debug|x64
		{56A68E3A-C781-4D80-86E4-5D4DF89E35C1}.Debug|x64.Build.0 = Debug|x64
		{56A68E3A-C781-4D80-86E4-5D4DF89E35C1}.Debug|x86.ActiveCfg = Debug|Win32
		{56A68E3A-C781-4D80-86E4-5D4DF89E35C1}.Debug|x86.Build.0 = Debug|Win32
		{56A68E3A-C781-4D80-86E4-5D4DF89E35C1}.Release|x64.ActiveCfg = Release|x64
		{56A68E3A-C781-4D80-86E4-5D4DF89E35C1}.Release|x64.Build.0 = Release|x64
		{56A68E3A-C781-4D80-86E4-5D4DF89E35C1}.Release|x86.ActiveCfg = Release|Win32
		{56A68E3A-C781-4D80-86E4-5D4DF89E35C1}.Release|x86.Build.0 = Release|Win32
		{E756EDC8-B8D2-4D4D-90AE-6A8E607F6EEF}.Debug|x64.ActiveCfg = Debug|x64
		{E756EDC8-B8D2-4D4D-90AE-6A8E607F6EEF}.Debug|x64.Build.0 = Debug|x64
		{E756EDC8-B8D2-4D4D-90AE-6A8E607F6EEF}.Debug|x86.ActiveCfg = Debug|Win32
		{E756EDC8-B8D2-4D4D-90AE-6A8E607F6EEF}.Debug|x86.Build.0 = Debug|Win32
		{E756EDC8-B8D2-4D4D-90AE-6A8E607F6EEF}.Release|x64.ActiveCfg = Release|x64
		{E756EDC8-B8D2-4D4D-90AE-6A8E607F6EEF}.Release|x64.Build.0 = Release|x64
		{E756EDC8-B8D2-4D4D-90AE-6A8E607F6EEF}.Release|x86.ActiveCfg = Release|Win32
		{E756EDC8-B8D2-4D4D-90AE-6A8E607F6EEF}.Release|x86.Build.0 = Release|Win32
		{41F1FBB2-E185-49C3-B3E3-CCE5BDE7AF59}.Debug|x64.ActiveCfg = Debug|x64
		{41F1FBB2-E185-49C3-B3E3-CCE5BDE7AF59}.Debug|x64.Build.0 = Debug|x64
		{41F1FBB2-E185-49C3-B3E3-CCE5BDE7AF59}.Debug|x86.ActiveCfg = Debug|Win32
		{41F1FBB2-E185-49C3-B3E3-CCE5BDE7AF59}.Debug|x86.Build.0 = Debug|Win32
		{41F1FBB2-E185-49C3-B3E3-CCE5BDE7AF59}.Release|x64.ActiveCfg = Release|x64
		{41F1FBB2-E185-49C3-B3E3-CCE5BDE7AF59}.Release|x64.Build.0 = Release|x64
		{41F1FBB2-E185-49C3-B3E3-CCE5BDE7AF59}.Release|x86.ActiveCfg = Release|Win32
		{41F1FBB2-E185-49C3-B3E3-CCE5BDE7AF59}.Release|x86.Build.0 = Release|Win32
		{AE71BF88-682B-40D8-88F0-39950E96E434}.Debug|x64.ActiveCfg = Debug|x64
		{AE71BF88-682B-40D8-88F0-39950E96E434}.Debug|x64.Build.0 = Debug|x64
		{AE71BF88-682B-40D8-88F0-39950E96E434}.Debug|x86.ActiveCfg = Debug|Win32
		{AE71BF88-682B-40D8-88F0-39950E96E434}.Debug|x86.Build.0 = Debug|Win32
		{AE71BF88-682B-40D8-88F0-39950E96E434}.Release|x64.ActiveCfg = Release|x64
		{AE71BF88-682B-40D8-88F0-39950E96E434}.Release|x64.Build.0 = Release|x64
		{AE71BF88-682B-40D8-88F0-39950E96E434}.Release|x86.ActiveCfg = Release|Win32
		{AE71BF88-682B-40D8-88F0-39950E96E434}.Release|x86.Build.0 = Release|Win32
	EndGlobalSection
	GlobalSection(SolutionProperties) = preSolution
		HideSolutionNode = FALSE
	EndGlobalSection
	GlobalSection(ExtensibilityGlobals) = postSolution
		SolutionGuid = {65BEB104-D41D-4912-9085-0421AFE8471C}
	EndGlobalSection
EndGlobal
